
Microsoft Visual Studio Solution File, Format Version 12.00
# Visual Studio Version 17
VisualStudioVersion = 17.9.34728.123
MinimumVisualStudioVersion = 10.0.40219.1
Project("{9A19103F-16F7-4668-BE54-9A1E7A4F7556}") = "Orders.Backend", "Orders.Backend\Orders.Backend.csproj", "{7E9973B1-ED92-4E81-A428-9C96997FDC5B}"
EndProject
Project("{9A19103F-16F7-4668-BE54-9A1E7A4F7556}") = "Orders.Frontend", "Orders.Frontend\Orders.Frontend.csproj", "{C4390BCD-7012-488E-BA49-A1245ED093A9}"
EndProject
Project("{9A19103F-16F7-4668-BE54-9A1E7A4F7556}") = "Orders.Shared", "Orders.Shared\Orders.Shared.csproj", "{2A7BF05B-6987-49AD-B939-70CF5D207EA0}"
EndProject
Project("{9A19103F-16F7-4668-BE54-9A1E7A4F7556}") = "Orders.Tests", "Orders.Tests\Orders.Tests.csproj", "{AAD9FFDD-9DF3-45F0-8ED8-71408E552927}"
EndProject
Global
	GlobalSection(SolutionConfigurationPlatforms) = preSolution
		Debug|Any CPU = Debug|Any CPU
		Release|Any CPU = Release|Any CPU
	EndGlobalSection
	GlobalSection(ProjectConfigurationPlatforms) = postSolution
		{7E9973B1-ED92-4E81-A428-9C96997FDC5B}.Debug|Any CPU.ActiveCfg = Debug|Any CPU
		{7E9973B1-ED92-4E81-A428-9C96997FDC5B}.Debug|Any CPU.Build.0 = Debug|Any CPU
		{7E9973B1-ED92-4E81-A428-9C96997FDC5B}.Release|Any CPU.ActiveCfg = Release|Any CPU
		{7E9973B1-ED92-4E81-A428-9C96997FDC5B}.Release|Any CPU.Build.0 = Release|Any CPU
		{C4390BCD-7012-488E-BA49-A1245ED093A9}.Debug|Any CPU.ActiveCfg = Debug|Any CPU
		{C4390BCD-7012-488E-BA49-A1245ED093A9}.Debug|Any CPU.Build.0 = Debug|Any CPU
		{C4390BCD-7012-488E-BA49-A1245ED093A9}.Release|Any CPU.ActiveCfg = Release|Any CPU
		{C4390BCD-7012-488E-BA49-A1245ED093A9}.Release|Any CPU.Build.0 = Release|Any CPU
		{2A7BF05B-6987-49AD-B939-70CF5D207EA0}.Debug|Any CPU.ActiveCfg = Debug|Any CPU
		{2A7BF05B-6987-49AD-B939-70CF5D207EA0}.Debug|Any CPU.Build.0 = Debug|Any CPU
		{2A7BF05B-6987-49AD-B939-70CF5D207EA0}.Release|Any CPU.ActiveCfg = Release|Any CPU
		{2A7BF05B-6987-49AD-B939-70CF5D207EA0}.Release|Any CPU.Build.0 = Release|Any CPU
		{AAD9FFDD-9DF3-45F0-8ED8-71408E552927}.Debug|Any CPU.ActiveCfg = Debug|Any CPU
		{AAD9FFDD-9DF3-45F0-8ED8-71408E552927}.Debug|Any CPU.Build.0 = Debug|Any CPU
		{AAD9FFDD-9DF3-45F0-8ED8-71408E552927}.Release|Any CPU.ActiveCfg = Release|Any CPU
		{AAD9FFDD-9DF3-45F0-8ED8-71408E552927}.Release|Any CPU.Build.0 = Release|Any CPU
	EndGlobalSection
	GlobalSection(SolutionProperties) = preSolution
		HideSolutionNode = FALSE
	EndGlobalSection
	GlobalSection(ExtensibilityGlobals) = postSolution
		SolutionGuid = {F898F12D-6B3A-43F3-B534-557822BA2C5E}
	EndGlobalSection
EndGlobal
